
Microsoft Visual Studio Solution File, Format Version 12.00
# Visual Studio Version 16
VisualStudioVersion = 16.0.29201.188
MinimumVisualStudioVersion = 10.0.40219.1
Project("{FAE04EC0-301F-11D3-BF4B-00C04F79EFBC}") = "Part2_assignment", "Part2_assignment\Part2_assignment.csproj", "{97E20913-73F4-44A6-8462-2DF00C7EDC03}"
EndProject
Global
	GlobalSection(SolutionConfigurationPlatforms) = preSolution
		Debug|Any CPU = Debug|Any CPU
		Release|Any CPU = Release|Any CPU
	EndGlobalSection
	GlobalSection(ProjectConfigurationPlatforms) = postSolution
		{97E20913-73F4-44A6-8462-2DF00C7EDC03}.Debug|Any CPU.ActiveCfg = Debug|Any CPU
		{97E20913-73F4-44A6-8462-2DF00C7EDC03}.Debug|Any CPU.Build.0 = Debug|Any CPU
		{97E20913-73F4-44A6-8462-2DF00C7EDC03}.Release|Any CPU.ActiveCfg = Release|Any CPU
		{97E20913-73F4-44A6-8462-2DF00C7EDC03}.Release|Any CPU.Build.0 = Release|Any CPU
	EndGlobalSection
	GlobalSection(SolutionProperties) = preSolution
		HideSolutionNode = FALSE
	EndGlobalSection
	GlobalSection(ExtensibilityGlobals) = postSolution
		SolutionGuid = {4F2C103B-692B-459E-B85B-97DCBF1AC8EC}
	EndGlobalSection
EndGlobal
